
Microsoft Visual Studio Solution File, Format Version 12.00
# Visual Studio 14
VisualStudioVersion = 14.0.24720.0
MinimumVisualStudioVersion = 10.0.40219.1
Project("{FAE04EC0-301F-11D3-BF4B-00C04F79EFBC}") = "EngineVk", "EngineVk\EngineVk.csproj", "{FCE6BE63-5587-497F-859F-24BCE7428D84}"
EndProject
Project("{FAE04EC0-301F-11D3-BF4B-00C04F79EFBC}") = "EngineVk.Test", "EngineVk.Test\EngineVk.Test.csproj", "{160EF944-F1E2-45C5-A72A-AEF377B502B4}"
EndProject
Global
	GlobalSection(SolutionConfigurationPlatforms) = preSolution
		Debug|Any CPU = Debug|Any CPU
		Release|Any CPU = Release|Any CPU
	EndGlobalSection
	GlobalSection(ProjectConfigurationPlatforms) = postSolution
		{FCE6BE63-5587-497F-859F-24BCE7428D84}.Debug|Any CPU.ActiveCfg = Debug|Any CPU
		{FCE6BE63-5587-497F-859F-24BCE7428D84}.Debug|Any CPU.Build.0 = Debug|Any CPU
		{FCE6BE63-5587-497F-859F-24BCE7428D84}.Release|Any CPU.ActiveCfg = Release|Any CPU
		{FCE6BE63-5587-497F-859F-24BCE7428D84}.Release|Any CPU.Build.0 = Release|Any CPU
		{160EF944-F1E2-45C5-A72A-AEF377B502B4}.Debug|Any CPU.ActiveCfg = Debug|Any CPU
		{160EF944-F1E2-45C5-A72A-AEF377B502B4}.Debug|Any CPU.Build.0 = Debug|Any CPU
		{160EF944-F1E2-45C5-A72A-AEF377B502B4}.Release|Any CPU.ActiveCfg = Release|Any CPU
		{160EF944-F1E2-45C5-A72A-AEF377B502B4}.Release|Any CPU.Build.0 = Release|Any CPU
	EndGlobalSection
	GlobalSection(SolutionProperties) = preSolution
		HideSolutionNode = FALSE
	EndGlobalSection
EndGlobal
